
Microsoft Visual Studio Solution File, Format Version 12.00
# Visual Studio 2012
Project("{FAE04EC0-301F-11D3-BF4B-00C04F79EFBC}") = "SampleApp.ios", "SampleApp.ios\SampleApp.ios.csproj", "{09DFD300-738B-43EF-90FE-60B1548405C7}"
EndProject
Project("{FAE04EC0-301F-11D3-BF4B-00C04F79EFBC}") = "SampleApp.Shared.ios", "SampleApp.Shared\SampleApp.Shared.ios.csproj", "{A9BDBA29-96B5-4CAF-B030-16766BFAC75C}"
EndProject
Project("{2150E333-8FDC-42A3-9474-1A3956D46DE8}") = "GitHub", "GitHub", "{09630A6E-40E0-49C2-8F17-0E1FB75CB3FB}"
	ProjectSection(SolutionItems) = preProject
		Readme.md = Readme.md
	EndProjectSection
EndProject
Project("{2150E333-8FDC-42A3-9474-1A3956D46DE8}") = "NuGet", "NuGet", "{681A9180-9E4B-4334-9A23-738A013DE4FD}"
	ProjectSection(SolutionItems) = preProject
		NuGet\about_QuickCross.help.txt = NuGet\about_QuickCross.help.txt
		NuGet\CreatePackage.cmd = NuGet\CreatePackage.cmd
		NuGet\Init.ps1 = NuGet\Init.ps1
		NuGet\PublishToPublicNuGet.cmd = NuGet\PublishToPublicNuGet.cmd
		NuGet\QuickCross.nuspec = NuGet\QuickCross.nuspec
		NuGet\QuickCross.psm1 = NuGet\QuickCross.psm1
		NuGet\readme.txt = NuGet\readme.txt
	EndProjectSection
EndProject
Global
	GlobalSection(SolutionConfigurationPlatforms) = preSolution
		Ad-Hoc|iPhone = Ad-Hoc|iPhone
		Ad-Hoc|iPhoneSimulator = Ad-Hoc|iPhoneSimulator
		AppStore|iPhone = AppStore|iPhone
		AppStore|iPhoneSimulator = AppStore|iPhoneSimulator
		Debug|iPhone = Debug|iPhone
		Debug|iPhoneSimulator = Debug|iPhoneSimulator
		Release|iPhone = Release|iPhone
		Release|iPhoneSimulator = Release|iPhoneSimulator
	EndGlobalSection
	GlobalSection(ProjectConfigurationPlatforms) = postSolution
		{09DFD300-738B-43EF-90FE-60B1548405C7}.Ad-Hoc|iPhone.ActiveCfg = Ad-Hoc|iPhone
		{09DFD300-738B-43EF-90FE-60B1548405C7}.Ad-Hoc|iPhone.Build.0 = Ad-Hoc|iPhone
		{09DFD300-738B-43EF-90FE-60B1548405C7}.Ad-Hoc|iPhoneSimulator.ActiveCfg = Ad-Hoc|iPhoneSimulator
		{09DFD300-738B-43EF-90FE-60B1548405C7}.Ad-Hoc|iPhoneSimulator.Build.0 = Ad-Hoc|iPhoneSimulator
		{09DFD300-738B-43EF-90FE-60B1548405C7}.AppStore|iPhone.ActiveCfg = AppStore|iPhone
		{09DFD300-738B-43EF-90FE-60B1548405C7}.AppStore|iPhone.Build.0 = AppStore|iPhone
		{09DFD300-738B-43EF-90FE-60B1548405C7}.AppStore|iPhoneSimulator.ActiveCfg = AppStore|iPhoneSimulator
		{09DFD300-738B-43EF-90FE-60B1548405C7}.AppStore|iPhoneSimulator.Build.0 = AppStore|iPhoneSimulator
		{09DFD300-738B-43EF-90FE-60B1548405C7}.Debug|iPhone.ActiveCfg = Debug|iPhone
		{09DFD300-738B-43EF-90FE-60B1548405C7}.Debug|iPhone.Build.0 = Debug|iPhone
		{09DFD300-738B-43EF-90FE-60B1548405C7}.Debug|iPhoneSimulator.ActiveCfg = Debug|iPhoneSimulator
		{09DFD300-738B-43EF-90FE-60B1548405C7}.Debug|iPhoneSimulator.Build.0 = Debug|iPhoneSimulator
		{09DFD300-738B-43EF-90FE-60B1548405C7}.Release|iPhone.ActiveCfg = Release|iPhone
		{09DFD300-738B-43EF-90FE-60B1548405C7}.Release|iPhone.Build.0 = Release|iPhone
		{09DFD300-738B-43EF-90FE-60B1548405C7}.Release|iPhoneSimulator.ActiveCfg = Release|iPhoneSimulator
		{09DFD300-738B-43EF-90FE-60B1548405C7}.Release|iPhoneSimulator.Build.0 = Release|iPhoneSimulator
		{A9BDBA29-96B5-4CAF-B030-16766BFAC75C}.Ad-Hoc|iPhone.ActiveCfg = Release|Any CPU
		{A9BDBA29-96B5-4CAF-B030-16766BFAC75C}.Ad-Hoc|iPhone.Build.0 = Release|Any CPU
		{A9BDBA29-96B5-4CAF-B030-16766BFAC75C}.Ad-Hoc|iPhoneSimulator.ActiveCfg = Debug|Any CPU
		{A9BDBA29-96B5-4CAF-B030-16766BFAC75C}.AppStore|iPhone.ActiveCfg = Release|Any CPU
		{A9BDBA29-96B5-4CAF-B030-16766BFAC75C}.AppStore|iPhone.Build.0 = Release|Any CPU
		{A9BDBA29-96B5-4CAF-B030-16766BFAC75C}.AppStore|iPhoneSimulator.ActiveCfg = Debug|Any CPU
		{A9BDBA29-96B5-4CAF-B030-16766BFAC75C}.Debug|iPhone.ActiveCfg = Debug|Any CPU
		{A9BDBA29-96B5-4CAF-B030-16766BFAC75C}.Debug|iPhone.Build.0 = Debug|Any CPU
		{A9BDBA29-96B5-4CAF-B030-16766BFAC75C}.Debug|iPhoneSimulator.ActiveCfg = Debug|Any CPU
		{A9BDBA29-96B5-4CAF-B030-16766BFAC75C}.Debug|iPhoneSimulator.Build.0 = Debug|Any CPU
		{A9BDBA29-96B5-4CAF-B030-16766BFAC75C}.Release|iPhone.ActiveCfg = Release|Any CPU
		{A9BDBA29-96B5-4CAF-B030-16766BFAC75C}.Release|iPhone.Build.0 = Release|Any CPU
		{A9BDBA29-96B5-4CAF-B030-16766BFAC75C}.Release|iPhoneSimulator.ActiveCfg = Release|Any CPU
		{A9BDBA29-96B5-4CAF-B030-16766BFAC75C}.Release|iPhoneSimulator.Build.0 = Release|Any CPU
	EndGlobalSection
	GlobalSection(SolutionProperties) = preSolution
		HideSolutionNode = FALSE
	EndGlobalSection
	GlobalSection(MonoDevelopProperties) = preSolution
		StartupItem = SampleApp.ios\SampleApp.ios.csproj
	EndGlobalSection
EndGlobal
