
Microsoft Visual Studio Solution File, Format Version 12.00
# Visual Studio 2013
VisualStudioVersion = 12.0.21005.1
MinimumVisualStudioVersion = 10.0.40219.1
Project("{FAE04EC0-301F-11D3-BF4B-00C04F79EFBC}") = "Twitter.Shared.android", "Twitter.Shared\Twitter.Shared.android.csproj", "{E8344AE2-7587-41C5-86AD-8492237F7183}"
EndProject
Project("{FAE04EC0-301F-11D3-BF4B-00C04F79EFBC}") = "Twitter", "Twitter.android\Twitter.csproj", "{C9E65028-2D31-4359-9ACB-5780EDF91279}"
EndProject
Project("{2150E333-8FDC-42A3-9474-1A3956D46DE8}") = ".nuget", ".nuget", "{A05FE827-3EE7-4538-A645-1B6666C9B338}"
	ProjectSection(SolutionItems) = preProject
		.nuget\packages.config = .nuget\packages.config
	EndProjectSection
EndProject
Global
	GlobalSection(SolutionConfigurationPlatforms) = preSolution
		Debug|Any CPU = Debug|Any CPU
		Release|Any CPU = Release|Any CPU
	EndGlobalSection
	GlobalSection(ProjectConfigurationPlatforms) = postSolution
		{E8344AE2-7587-41C5-86AD-8492237F7183}.Debug|Any CPU.ActiveCfg = Debug|Any CPU
		{E8344AE2-7587-41C5-86AD-8492237F7183}.Debug|Any CPU.Build.0 = Debug|Any CPU
		{E8344AE2-7587-41C5-86AD-8492237F7183}.Release|Any CPU.ActiveCfg = Release|Any CPU
		{E8344AE2-7587-41C5-86AD-8492237F7183}.Release|Any CPU.Build.0 = Release|Any CPU
		{C9E65028-2D31-4359-9ACB-5780EDF91279}.Debug|Any CPU.ActiveCfg = Debug|Any CPU
		{C9E65028-2D31-4359-9ACB-5780EDF91279}.Debug|Any CPU.Build.0 = Debug|Any CPU
		{C9E65028-2D31-4359-9ACB-5780EDF91279}.Debug|Any CPU.Deploy.0 = Debug|Any CPU
		{C9E65028-2D31-4359-9ACB-5780EDF91279}.Release|Any CPU.ActiveCfg = Release|Any CPU
		{C9E65028-2D31-4359-9ACB-5780EDF91279}.Release|Any CPU.Build.0 = Release|Any CPU
		{C9E65028-2D31-4359-9ACB-5780EDF91279}.Release|Any CPU.Deploy.0 = Release|Any CPU
	EndGlobalSection
	GlobalSection(SolutionProperties) = preSolution
		HideSolutionNode = FALSE
	EndGlobalSection
EndGlobal
