
Microsoft Visual Studio Solution File, Format Version 12.00
# Visual Studio 2013
VisualStudioVersion = 12.0.20827.3
MinimumVisualStudioVersion = 10.0.40219.1
Project("{FAE04EC0-301F-11D3-BF4B-00C04F79EFBC}") = "CloudAuction", "CloudAuction.android\CloudAuction.csproj", "{7D7AF653-92CC-436C-9A95-4025B0EA92DD}"
EndProject
Project("{FAE04EC0-301F-11D3-BF4B-00C04F79EFBC}") = "CloudAuction.Shared.android", "CloudAuction.Shared\CloudAuction.Shared.android.csproj", "{09906BCD-2848-4963-BFDB-41959323F4C0}"
EndProject
Project("{2150E333-8FDC-42A3-9474-1A3956D46DE8}") = ".nuget", ".nuget", "{B7524E99-277E-4FEF-9E63-F5716163727A}"
	ProjectSection(SolutionItems) = preProject
		.nuget\packages.config = .nuget\packages.config
	EndProjectSection
EndProject
Global
	GlobalSection(SolutionConfigurationPlatforms) = preSolution
		Debug|Any CPU = Debug|Any CPU
		Release|Any CPU = Release|Any CPU
	EndGlobalSection
	GlobalSection(ProjectConfigurationPlatforms) = postSolution
		{7D7AF653-92CC-436C-9A95-4025B0EA92DD}.Debug|Any CPU.ActiveCfg = Debug|Any CPU
		{7D7AF653-92CC-436C-9A95-4025B0EA92DD}.Debug|Any CPU.Build.0 = Debug|Any CPU
		{7D7AF653-92CC-436C-9A95-4025B0EA92DD}.Debug|Any CPU.Deploy.0 = Debug|Any CPU
		{7D7AF653-92CC-436C-9A95-4025B0EA92DD}.Release|Any CPU.ActiveCfg = Release|Any CPU
		{7D7AF653-92CC-436C-9A95-4025B0EA92DD}.Release|Any CPU.Build.0 = Release|Any CPU
		{7D7AF653-92CC-436C-9A95-4025B0EA92DD}.Release|Any CPU.Deploy.0 = Release|Any CPU
		{09906BCD-2848-4963-BFDB-41959323F4C0}.Debug|Any CPU.ActiveCfg = Debug|Any CPU
		{09906BCD-2848-4963-BFDB-41959323F4C0}.Debug|Any CPU.Build.0 = Debug|Any CPU
		{09906BCD-2848-4963-BFDB-41959323F4C0}.Release|Any CPU.ActiveCfg = Release|Any CPU
		{09906BCD-2848-4963-BFDB-41959323F4C0}.Release|Any CPU.Build.0 = Release|Any CPU
	EndGlobalSection
	GlobalSection(SolutionProperties) = preSolution
		HideSolutionNode = FALSE
	EndGlobalSection
EndGlobal
